
Microsoft Visual Studio Solution File, Format Version 12.00
# Visual Studio 15
VisualStudioVersion = 15.0.28307.271
MinimumVisualStudioVersion = 10.0.40219.1
Project("{FAE04EC0-301F-11D3-BF4B-00C04F79EFBC}") = "Altsource_Interview_Coding.Web", "Altsource_Interview_Coding.Web\Altsource_Interview_Coding.Web.csproj", "{A5F4DA38-2958-4B52-B575-F1C1239E5268}"
EndProject
Global
	GlobalSection(SolutionConfigurationPlatforms) = preSolution
		Debug|Any CPU = Debug|Any CPU
		Release|Any CPU = Release|Any CPU
	EndGlobalSection
	GlobalSection(ProjectConfigurationPlatforms) = postSolution
		{A5F4DA38-2958-4B52-B575-F1C1239E5268}.Debug|Any CPU.ActiveCfg = Debug|Any CPU
		{A5F4DA38-2958-4B52-B575-F1C1239E5268}.Debug|Any CPU.Build.0 = Debug|Any CPU
		{A5F4DA38-2958-4B52-B575-F1C1239E5268}.Release|Any CPU.ActiveCfg = Release|Any CPU
		{A5F4DA38-2958-4B52-B575-F1C1239E5268}.Release|Any CPU.Build.0 = Release|Any CPU
	EndGlobalSection
	GlobalSection(SolutionProperties) = preSolution
		HideSolutionNode = FALSE
	EndGlobalSection
	GlobalSection(ExtensibilityGlobals) = postSolution
		SolutionGuid = {FFDF29C3-1C4F-4B76-AAE1-DD9226F69F72}
	EndGlobalSection
EndGlobal
